
Microsoft Visual Studio Solution File, Format Version 12.00
# Visual Studio Version 17
VisualStudioVersion = 17.3.32922.545
MinimumVisualStudioVersion = 10.0.40219.1
Project("{54A90642-561A-4BB1-A94E-469ADEE60C69}") = "reactminapi.front", "reactminapi.front\reactminapi.front.esproj", "{41C0FA4B-0E84-4E74-938E-0CE53E7F4533}"
EndProject
Project("{9A19103F-16F7-4668-BE54-9A1E7A4F7556}") = "reactminapi.back", "reactminapi.back\reactminapi.back.csproj", "{35E38647-0C84-4F2E-8F8D-6C570B60E1E6}"
EndProject
Project("{9A19103F-16F7-4668-BE54-9A1E7A4F7556}") = "reactminapi.dataAccess", "reactminapi.dataAccess\reactminapi.dataAccess.csproj", "{182D51F9-D3C6-4DFE-ACD2-BFFB6A9E9953}"
EndProject
Global
	GlobalSection(SolutionConfigurationPlatforms) = preSolution
		Debug|Any CPU = Debug|Any CPU
		Release|Any CPU = Release|Any CPU
	EndGlobalSection
	GlobalSection(ProjectConfigurationPlatforms) = postSolution
		{41C0FA4B-0E84-4E74-938E-0CE53E7F4533}.Debug|Any CPU.ActiveCfg = Debug|Any CPU
		{41C0FA4B-0E84-4E74-938E-0CE53E7F4533}.Debug|Any CPU.Build.0 = Debug|Any CPU
		{41C0FA4B-0E84-4E74-938E-0CE53E7F4533}.Debug|Any CPU.Deploy.0 = Debug|Any CPU
		{41C0FA4B-0E84-4E74-938E-0CE53E7F4533}.Release|Any CPU.ActiveCfg = Release|Any CPU
		{41C0FA4B-0E84-4E74-938E-0CE53E7F4533}.Release|Any CPU.Build.0 = Release|Any CPU
		{41C0FA4B-0E84-4E74-938E-0CE53E7F4533}.Release|Any CPU.Deploy.0 = Release|Any CPU
		{35E38647-0C84-4F2E-8F8D-6C570B60E1E6}.Debug|Any CPU.ActiveCfg = Debug|Any CPU
		{35E38647-0C84-4F2E-8F8D-6C570B60E1E6}.Debug|Any CPU.Build.0 = Debug|Any CPU
		{35E38647-0C84-4F2E-8F8D-6C570B60E1E6}.Release|Any CPU.ActiveCfg = Release|Any CPU
		{35E38647-0C84-4F2E-8F8D-6C570B60E1E6}.Release|Any CPU.Build.0 = Release|Any CPU
		{182D51F9-D3C6-4DFE-ACD2-BFFB6A9E9953}.Debug|Any CPU.ActiveCfg = Debug|Any CPU
		{182D51F9-D3C6-4DFE-ACD2-BFFB6A9E9953}.Debug|Any CPU.Build.0 = Debug|Any CPU
		{182D51F9-D3C6-4DFE-ACD2-BFFB6A9E9953}.Release|Any CPU.ActiveCfg = Release|Any CPU
		{182D51F9-D3C6-4DFE-ACD2-BFFB6A9E9953}.Release|Any CPU.Build.0 = Release|Any CPU
	EndGlobalSection
	GlobalSection(SolutionProperties) = preSolution
		HideSolutionNode = FALSE
	EndGlobalSection
	GlobalSection(ExtensibilityGlobals) = postSolution
		SolutionGuid = {08EBA87F-6F63-48F3-A938-6BC881F905CD}
	EndGlobalSection
EndGlobal
